// !$*UTF8*$!
{
	archiveVersion = 1;
	classes = {
	};
	objectVersion = 50;
	objects = {

/* Begin PBXBuildFile section */
		173C525D23B1BE25006D5712 /* RxRelay.framework in Frameworks */ = {isa = PBXBuildFile; fileRef = 173C525A23B1BE24006D5712 /* RxRelay.framework */; };
		173C525E23B1BE25006D5712 /* RxRelay.framework in Embed Frameworks */ = {isa = PBXBuildFile; fileRef = 173C525A23B1BE24006D5712 /* RxRelay.framework */; settings = {ATTRIBUTES = (CodeSignOnCopy, RemoveHeadersOnCopy, ); }; };
		173C525F23B1BE25006D5712 /* RxSwift.framework in Frameworks */ = {isa = PBXBuildFile; fileRef = 173C525B23B1BE24006D5712 /* RxSwift.framework */; };
		173C526023B1BE25006D5712 /* RxSwift.framework in Embed Frameworks */ = {isa = PBXBuildFile; fileRef = 173C525B23B1BE24006D5712 /* RxSwift.framework */; settings = {ATTRIBUTES = (CodeSignOnCopy, RemoveHeadersOnCopy, ); }; };
		173C526123B1BE25006D5712 /* RxCocoa.framework in Frameworks */ = {isa = PBXBuildFile; fileRef = 173C525C23B1BE24006D5712 /* RxCocoa.framework */; };
		173C526223B1BE25006D5712 /* RxCocoa.framework in Embed Frameworks */ = {isa = PBXBuildFile; fileRef = 173C525C23B1BE24006D5712 /* RxCocoa.framework */; settings = {ATTRIBUTES = (CodeSignOnCopy, RemoveHeadersOnCopy, ); }; };
		173C526423B1BF6C006D5712 /* Kingfisher.framework in Frameworks */ = {isa = PBXBuildFile; fileRef = 173C526323B1BF6C006D5712 /* Kingfisher.framework */; };
		173C526523B1BF6C006D5712 /* Kingfisher.framework in Embed Frameworks */ = {isa = PBXBuildFile; fileRef = 173C526323B1BF6C006D5712 /* Kingfisher.framework */; settings = {ATTRIBUTES = (CodeSignOnCopy, RemoveHeadersOnCopy, ); }; };
		17842EC223B42B47002D4DB1 /* Assets.xcassets in Resources */ = {isa = PBXBuildFile; fileRef = 17842EC123B42B46002D4DB1 /* Assets.xcassets */; };
		17B4258F2283AAFB0049B480 /* AppDelegate.swift in Sources */ = {isa = PBXBuildFile; fileRef = 17B4258E2283AAFB0049B480 /* AppDelegate.swift */; };
		17B425CB2283B2290049B480 /* LaunchScreen.storyboard in Resources */ = {isa = PBXBuildFile; fileRef = 17B425CA2283B2290049B480 /* LaunchScreen.storyboard */; };
		17B425D02283B57F0049B480 /* AppCoordinator.swift in Sources */ = {isa = PBXBuildFile; fileRef = 17B425CF2283B57F0049B480 /* AppCoordinator.swift */; };
		17CC49A7230B1D5A008D328F /* HomeViewModelTests.swift in Sources */ = {isa = PBXBuildFile; fileRef = 17CC49A6230B1D5A008D328F /* HomeViewModelTests.swift */; };
		17CC49B0230B237B008D328F /* mockedGitHubRepositoriesResponse.json in Resources */ = {isa = PBXBuildFile; fileRef = 17CC49AF230B237B008D328F /* mockedGitHubRepositoriesResponse.json */; };
		17CC49B3230B33C2008D328F /* StubRepository.swift in Sources */ = {isa = PBXBuildFile; fileRef = 17CC49B2230B33C2008D328F /* StubRepository.swift */; };
/* End PBXBuildFile section */

/* Begin PBXContainerItemProxy section */
		17CC49A9230B1D5A008D328F /* PBXContainerItemProxy */ = {
			isa = PBXContainerItemProxy;
			containerPortal = 17B425832283AAFB0049B480 /* Project object */;
			proxyType = 1;
			remoteGlobalIDString = 17B4258A2283AAFB0049B480;
			remoteInfo = GitSuperStars;
		};
/* End PBXContainerItemProxy section */

/* Begin PBXCopyFilesBuildPhase section */
		173C524423B1BC0A006D5712 /* Embed Frameworks */ = {
			isa = PBXCopyFilesBuildPhase;
			buildActionMask = 2147483647;
			dstPath = "";
			dstSubfolderSpec = 10;
			files = (
				173C526023B1BE25006D5712 /* RxSwift.framework in Embed Frameworks */,
				173C526223B1BE25006D5712 /* RxCocoa.framework in Embed Frameworks */,
				173C526523B1BF6C006D5712 /* Kingfisher.framework in Embed Frameworks */,
				173C525E23B1BE25006D5712 /* RxRelay.framework in Embed Frameworks */,
			);
			name = "Embed Frameworks";
			runOnlyForDeploymentPostprocessing = 0;
		};
/* End PBXCopyFilesBuildPhase section */

/* Begin PBXFileReference section */
		173C525423B1BD98006D5712 /* GSCore.framework */ = {isa = PBXFileReference; explicitFileType = wrapper.framework; path = GSCore.framework; sourceTree = BUILT_PRODUCTS_DIR; };
		173C525523B1BD98006D5712 /* GSDetails.framework */ = {isa = PBXFileReference; explicitFileType = wrapper.framework; path = GSDetails.framework; sourceTree = BUILT_PRODUCTS_DIR; };
		173C525A23B1BE24006D5712 /* RxRelay.framework */ = {isa = PBXFileReference; lastKnownFileType = wrapper.framework; name = RxRelay.framework; path = Dependencies/Carthage/Build/iOS/RxRelay.framework; sourceTree = "<group>"; };
		173C525B23B1BE24006D5712 /* RxSwift.framework */ = {isa = PBXFileReference; lastKnownFileType = wrapper.framework; name = RxSwift.framework; path = Dependencies/Carthage/Build/iOS/RxSwift.framework; sourceTree = "<group>"; };
		173C525C23B1BE24006D5712 /* RxCocoa.framework */ = {isa = PBXFileReference; lastKnownFileType = wrapper.framework; name = RxCocoa.framework; path = Dependencies/Carthage/Build/iOS/RxCocoa.framework; sourceTree = "<group>"; };
		173C526323B1BF6C006D5712 /* Kingfisher.framework */ = {isa = PBXFileReference; lastKnownFileType = wrapper.framework; name = Kingfisher.framework; path = Dependencies/Carthage/Build/iOS/Kingfisher.framework; sourceTree = "<group>"; };
		17842EC123B42B46002D4DB1 /* Assets.xcassets */ = {isa = PBXFileReference; lastKnownFileType = folder.assetcatalog; path = Assets.xcassets; sourceTree = "<group>"; };
		17B4258B2283AAFB0049B480 /* GitSuperStars.app */ = {isa = PBXFileReference; explicitFileType = wrapper.application; includeInIndex = 0; path = GitSuperStars.app; sourceTree = BUILT_PRODUCTS_DIR; };
		17B4258E2283AAFB0049B480 /* AppDelegate.swift */ = {isa = PBXFileReference; lastKnownFileType = sourcecode.swift; path = AppDelegate.swift; sourceTree = "<group>"; };
		17B4259A2283AAFF0049B480 /* Info.plist */ = {isa = PBXFileReference; lastKnownFileType = text.plist.xml; path = Info.plist; sourceTree = "<group>"; };
		17B425CA2283B2290049B480 /* LaunchScreen.storyboard */ = {isa = PBXFileReference; fileEncoding = 4; lastKnownFileType = file.storyboard; path = LaunchScreen.storyboard; sourceTree = "<group>"; };
		17B425CF2283B57F0049B480 /* AppCoordinator.swift */ = {isa = PBXFileReference; lastKnownFileType = sourcecode.swift; path = AppCoordinator.swift; sourceTree = "<group>"; };
		17CC49A4230B1D5A008D328F /* GitSuperStarsTests.xctest */ = {isa = PBXFileReference; explicitFileType = wrapper.cfbundle; includeInIndex = 0; path = GitSuperStarsTests.xctest; sourceTree = BUILT_PRODUCTS_DIR; };
		17CC49A6230B1D5A008D328F /* HomeViewModelTests.swift */ = {isa = PBXFileReference; lastKnownFileType = sourcecode.swift; path = HomeViewModelTests.swift; sourceTree = "<group>"; };
		17CC49A8230B1D5A008D328F /* Info.plist */ = {isa = PBXFileReference; lastKnownFileType = text.plist.xml; path = Info.plist; sourceTree = "<group>"; };
		17CC49AF230B237B008D328F /* mockedGitHubRepositoriesResponse.json */ = {isa = PBXFileReference; lastKnownFileType = text.json; path = mockedGitHubRepositoriesResponse.json; sourceTree = "<group>"; };
		17CC49B2230B33C2008D328F /* StubRepository.swift */ = {isa = PBXFileReference; lastKnownFileType = sourcecode.swift; path = StubRepository.swift; sourceTree = "<group>"; };
/* End PBXFileReference section */

/* Begin PBXFrameworksBuildPhase section */
		17B425882283AAFB0049B480 /* Frameworks */ = {
			isa = PBXFrameworksBuildPhase;
			buildActionMask = 2147483647;
			files = (
				173C525F23B1BE25006D5712 /* RxSwift.framework in Frameworks */,
				173C526123B1BE25006D5712 /* RxCocoa.framework in Frameworks */,
				173C526423B1BF6C006D5712 /* Kingfisher.framework in Frameworks */,
				173C525D23B1BE25006D5712 /* RxRelay.framework in Frameworks */,
			);
			runOnlyForDeploymentPostprocessing = 0;
		};
		17CC49A1230B1D5A008D328F /* Frameworks */ = {
			isa = PBXFrameworksBuildPhase;
			buildActionMask = 2147483647;
			files = (
			);
			runOnlyForDeploymentPostprocessing = 0;
		};
/* End PBXFrameworksBuildPhase section */

/* Begin PBXGroup section */
		17B425822283AAFB0049B480 = {
			isa = PBXGroup;
			children = (
				17B4258D2283AAFB0049B480 /* GitSuperStars */,
				17CC49A5230B1D5A008D328F /* GitSuperStarsTests */,
				17B4258C2283AAFB0049B480 /* Products */,
				8C78C487C7902FE349E10CA0 /* Frameworks */,
			);
			sourceTree = "<group>";
		};
		17B4258C2283AAFB0049B480 /* Products */ = {
			isa = PBXGroup;
			children = (
				17B4258B2283AAFB0049B480 /* GitSuperStars.app */,
				17CC49A4230B1D5A008D328F /* GitSuperStarsTests.xctest */,
			);
			name = Products;
			sourceTree = "<group>";
		};
		17B4258D2283AAFB0049B480 /* GitSuperStars */ = {
			isa = PBXGroup;
			children = (
				17B425BC2283AFA60049B480 /* Coordinators */,
				17B425C02283B0330049B480 /* Resources */,
				17B4258E2283AAFB0049B480 /* AppDelegate.swift */,
				17B4259A2283AAFF0049B480 /* Info.plist */,
			);
			path = GitSuperStars;
			sourceTree = "<group>";
		};
		17B425BC2283AFA60049B480 /* Coordinators */ = {
			isa = PBXGroup;
			children = (
				17B425CF2283B57F0049B480 /* AppCoordinator.swift */,
			);
			path = Coordinators;
			sourceTree = "<group>";
		};
		17B425C02283B0330049B480 /* Resources */ = {
			isa = PBXGroup;
			children = (
				17B425C12283B0460049B480 /* LaunchScreen */,
				17842EC123B42B46002D4DB1 /* Assets.xcassets */,
			);
			path = Resources;
			sourceTree = "<group>";
		};
		17B425C12283B0460049B480 /* LaunchScreen */ = {
			isa = PBXGroup;
			children = (
				17B425CA2283B2290049B480 /* LaunchScreen.storyboard */,
			);
			path = LaunchScreen;
			sourceTree = "<group>";
		};
		17CC49A5230B1D5A008D328F /* GitSuperStarsTests */ = {
			isa = PBXGroup;
			children = (
				17CC49B1230B2384008D328F /* Stub */,
				17CC49AE230B1D6B008D328F /* Home */,
				17CC49A8230B1D5A008D328F /* Info.plist */,
			);
			path = GitSuperStarsTests;
			sourceTree = "<group>";
		};
		17CC49AE230B1D6B008D328F /* Home */ = {
			isa = PBXGroup;
			children = (
				17CC49A6230B1D5A008D328F /* HomeViewModelTests.swift */,
			);
			path = Home;
			sourceTree = "<group>";
		};
		17CC49B1230B2384008D328F /* Stub */ = {
			isa = PBXGroup;
			children = (
				17CC49B2230B33C2008D328F /* StubRepository.swift */,
				17CC49AF230B237B008D328F /* mockedGitHubRepositoriesResponse.json */,
			);
			path = Stub;
			sourceTree = "<group>";
		};
		8C78C487C7902FE349E10CA0 /* Frameworks */ = {
			isa = PBXGroup;
			children = (
				173C526323B1BF6C006D5712 /* Kingfisher.framework */,
				173C525C23B1BE24006D5712 /* RxCocoa.framework */,
				173C525A23B1BE24006D5712 /* RxRelay.framework */,
				173C525B23B1BE24006D5712 /* RxSwift.framework */,
				173C525423B1BD98006D5712 /* GSCore.framework */,
				173C525523B1BD98006D5712 /* GSDetails.framework */,
			);
			name = Frameworks;
			sourceTree = "<group>";
		};
/* End PBXGroup section */

/* Begin PBXNativeTarget section */
		17B4258A2283AAFB0049B480 /* GitSuperStars */ = {
			isa = PBXNativeTarget;
			buildConfigurationList = 17B425B32283AB000049B480 /* Build configuration list for PBXNativeTarget "GitSuperStars" */;
			buildPhases = (
				17B425872283AAFB0049B480 /* Sources */,
				17B425882283AAFB0049B480 /* Frameworks */,
				17B425892283AAFB0049B480 /* Resources */,
				173C524423B1BC0A006D5712 /* Embed Frameworks */,
			);
			buildRules = (
			);
			dependencies = (
			);
			name = GitSuperStars;
			productName = GitSuperStars;
			productReference = 17B4258B2283AAFB0049B480 /* GitSuperStars.app */;
			productType = "com.apple.product-type.application";
		};
		17CC49A3230B1D5A008D328F /* GitSuperStarsTests */ = {
			isa = PBXNativeTarget;
			buildConfigurationList = 17CC49AD230B1D5A008D328F /* Build configuration list for PBXNativeTarget "GitSuperStarsTests" */;
			buildPhases = (
				17CC49A0230B1D5A008D328F /* Sources */,
				17CC49A1230B1D5A008D328F /* Frameworks */,
				17CC49A2230B1D5A008D328F /* Resources */,
			);
			buildRules = (
			);
			dependencies = (
				17CC49AA230B1D5A008D328F /* PBXTargetDependency */,
			);
			name = GitSuperStarsTests;
			productName = GitSuperStarsTests;
			productReference = 17CC49A4230B1D5A008D328F /* GitSuperStarsTests.xctest */;
			productType = "com.apple.product-type.bundle.unit-test";
		};
/* End PBXNativeTarget section */

/* Begin PBXProject section */
		17B425832283AAFB0049B480 /* Project object */ = {
			isa = PBXProject;
			attributes = {
				LastSwiftUpdateCheck = 1120;
				LastUpgradeCheck = 1010;
				ORGANIZATIONNAME = SeuAplicativo.Net;
				TargetAttributes = {
					17B4258A2283AAFB0049B480 = {
						CreatedOnToolsVersion = 10.1;
						LastSwiftMigration = 1100;
					};
					17CC49A3230B1D5A008D328F = {
						CreatedOnToolsVersion = 11.0;
						TestTargetID = 17B4258A2283AAFB0049B480;
					};
				};
			};
			buildConfigurationList = 17B425862283AAFB0049B480 /* Build configuration list for PBXProject "GitSuperStars" */;
			compatibilityVersion = "Xcode 9.3";
			developmentRegion = en;
			hasScannedForEncodings = 0;
			knownRegions = (
				en,
				Base,
				"pt-BR",
			);
			mainGroup = 17B425822283AAFB0049B480;
			productRefGroup = 17B4258C2283AAFB0049B480 /* Products */;
			projectDirPath = "";
			projectRoot = "";
			targets = (
				17B4258A2283AAFB0049B480 /* GitSuperStars */,
				17CC49A3230B1D5A008D328F /* GitSuperStarsTests */,
			);
		};
/* End PBXProject section */

/* Begin PBXResourcesBuildPhase section */
		17B425892283AAFB0049B480 /* Resources */ = {
			isa = PBXResourcesBuildPhase;
			buildActionMask = 2147483647;
			files = (
				17842EC223B42B47002D4DB1 /* Assets.xcassets in Resources */,
				17B425CB2283B2290049B480 /* LaunchScreen.storyboard in Resources */,
			);
			runOnlyForDeploymentPostprocessing = 0;
		};
		17CC49A2230B1D5A008D328F /* Resources */ = {
			isa = PBXResourcesBuildPhase;
			buildActionMask = 2147483647;
			files = (
				17CC49B0230B237B008D328F /* mockedGitHubRepositoriesResponse.json in Resources */,
			);
			runOnlyForDeploymentPostprocessing = 0;
		};
/* End PBXResourcesBuildPhase section */

/* Begin PBXSourcesBuildPhase section */
		17B425872283AAFB0049B480 /* Sources */ = {
			isa = PBXSourcesBuildPhase;
			buildActionMask = 2147483647;
			files = (
				17B425D02283B57F0049B480 /* AppCoordinator.swift in Sources */,
				17B4258F2283AAFB0049B480 /* AppDelegate.swift in Sources */,
			);
			runOnlyForDeploymentPostprocessing = 0;
		};
		17CC49A0230B1D5A008D328F /* Sources */ = {
			isa = PBXSourcesBuildPhase;
			buildActionMask = 2147483647;
			files = (
				17CC49A7230B1D5A008D328F /* HomeViewModelTests.swift in Sources */,
				17CC49B3230B33C2008D328F /* StubRepository.swift in Sources */,
			);
			runOnlyForDeploymentPostprocessing = 0;
		};
/* End PBXSourcesBuildPhase section */

/* Begin PBXTargetDependency section */
		17CC49AA230B1D5A008D328F /* PBXTargetDependency */ = {
			isa = PBXTargetDependency;
			target = 17B4258A2283AAFB0049B480 /* GitSuperStars */;
			targetProxy = 17CC49A9230B1D5A008D328F /* PBXContainerItemProxy */;
		};
/* End PBXTargetDependency section */

/* Begin XCBuildConfiguration section */
		17B425B12283AB000049B480 /* Debug */ = {
			isa = XCBuildConfiguration;
			buildSettings = {
				ALWAYS_SEARCH_USER_PATHS = NO;
				CLANG_ANALYZER_LOCALIZABILITY_NONLOCALIZED = YES;
				CLANG_ANALYZER_NONNULL = YES;
				CLANG_ANALYZER_NUMBER_OBJECT_CONVERSION = YES_AGGRESSIVE;
				CLANG_CXX_LANGUAGE_STANDARD = "gnu++14";
				CLANG_CXX_LIBRARY = "libc++";
				CLANG_ENABLE_MODULES = YES;
				CLANG_ENABLE_OBJC_ARC = YES;
				CLANG_ENABLE_OBJC_WEAK = YES;
				CLANG_WARN_BLOCK_CAPTURE_AUTORELEASING = YES;
				CLANG_WARN_BOOL_CONVERSION = YES;
				CLANG_WARN_COMMA = YES;
				CLANG_WARN_CONSTANT_CONVERSION = YES;
				CLANG_WARN_DEPRECATED_OBJC_IMPLEMENTATIONS = YES;
				CLANG_WARN_DIRECT_OBJC_ISA_USAGE = YES_ERROR;
				CLANG_WARN_DOCUMENTATION_COMMENTS = YES;
				CLANG_WARN_EMPTY_BODY = YES;
				CLANG_WARN_ENUM_CONVERSION = YES;
				CLANG_WARN_INFINITE_RECURSION = YES;
				CLANG_WARN_INT_CONVERSION = YES;
				CLANG_WARN_NON_LITERAL_NULL_CONVERSION = YES;
				CLANG_WARN_OBJC_IMPLICIT_RETAIN_SELF = YES;
				CLANG_WARN_OBJC_LITERAL_CONVERSION = YES;
				CLANG_WARN_OBJC_ROOT_CLASS = YES_ERROR;
				CLANG_WARN_RANGE_LOOP_ANALYSIS = YES;
				CLANG_WARN_STRICT_PROTOTYPES = YES;
				CLANG_WARN_SUSPICIOUS_MOVE = YES;
				CLANG_WARN_UNGUARDED_AVAILABILITY = YES_AGGRESSIVE;
				CLANG_WARN_UNREACHABLE_CODE = YES;
				CLANG_WARN__DUPLICATE_METHOD_MATCH = YES;
				CODE_SIGN_IDENTITY = "iPhone Developer";
				COPY_PHASE_STRIP = NO;
				DEBUG_INFORMATION_FORMAT = dwarf;
				ENABLE_STRICT_OBJC_MSGSEND = YES;
				ENABLE_TESTABILITY = YES;
				GCC_C_LANGUAGE_STANDARD = gnu11;
				GCC_DYNAMIC_NO_PIC = NO;
				GCC_NO_COMMON_BLOCKS = YES;
				GCC_OPTIMIZATION_LEVEL = 0;
				GCC_PREPROCESSOR_DEFINITIONS = (
					"DEBUG=1",
					"$(inherited)",
				);
				GCC_WARN_64_TO_32_BIT_CONVERSION = YES;
				GCC_WARN_ABOUT_RETURN_TYPE = YES_ERROR;
				GCC_WARN_UNDECLARED_SELECTOR = YES;
				GCC_WARN_UNINITIALIZED_AUTOS = YES_AGGRESSIVE;
				GCC_WARN_UNUSED_FUNCTION = YES;
				GCC_WARN_UNUSED_VARIABLE = YES;
				IPHONEOS_DEPLOYMENT_TARGET = 10.3;
				MTL_ENABLE_DEBUG_INFO = INCLUDE_SOURCE;
				MTL_FAST_MATH = YES;
				ONLY_ACTIVE_ARCH = YES;
				SDKROOT = iphoneos;
				SWIFT_ACTIVE_COMPILATION_CONDITIONS = DEBUG;
				SWIFT_OPTIMIZATION_LEVEL = "-Onone";
			};
			name = Debug;
		};
		17B425B22283AB000049B480 /* Release */ = {
			isa = XCBuildConfiguration;
			buildSettings = {
				ALWAYS_SEARCH_USER_PATHS = NO;
				CLANG_ANALYZER_LOCALIZABILITY_NONLOCALIZED = YES;
				CLANG_ANALYZER_NONNULL = YES;
				CLANG_ANALYZER_NUMBER_OBJECT_CONVERSION = YES_AGGRESSIVE;
				CLANG_CXX_LANGUAGE_STANDARD = "gnu++14";
				CLANG_CXX_LIBRARY = "libc++";
				CLANG_ENABLE_MODULES = YES;
				CLANG_ENABLE_OBJC_ARC = YES;
				CLANG_ENABLE_OBJC_WEAK = YES;
				CLANG_WARN_BLOCK_CAPTURE_AUTORELEASING = YES;
				CLANG_WARN_BOOL_CONVERSION = YES;
				CLANG_WARN_COMMA = YES;
				CLANG_WARN_CONSTANT_CONVERSION = YES;
				CLANG_WARN_DEPRECATED_OBJC_IMPLEMENTATIONS = YES;
				CLANG_WARN_DIRECT_OBJC_ISA_USAGE = YES_ERROR;
				CLANG_WARN_DOCUMENTATION_COMMENTS = YES;
				CLANG_WARN_EMPTY_BODY = YES;
				CLANG_WARN_ENUM_CONVERSION = YES;
				CLANG_WARN_INFINITE_RECURSION = YES;
				CLANG_WARN_INT_CONVERSION = YES;
				CLANG_WARN_NON_LITERAL_NULL_CONVERSION = YES;
				CLANG_WARN_OBJC_IMPLICIT_RETAIN_SELF = YES;
				CLANG_WARN_OBJC_LITERAL_CONVERSION = YES;
				CLANG_WARN_OBJC_ROOT_CLASS = YES_ERROR;
				CLANG_WARN_RANGE_LOOP_ANALYSIS = YES;
				CLANG_WARN_STRICT_PROTOTYPES = YES;
				CLANG_WARN_SUSPICIOUS_MOVE = YES;
				CLANG_WARN_UNGUARDED_AVAILABILITY = YES_AGGRESSIVE;
				CLANG_WARN_UNREACHABLE_CODE = YES;
				CLANG_WARN__DUPLICATE_METHOD_MATCH = YES;
				CODE_SIGN_IDENTITY = "iPhone Developer";
				COPY_PHASE_STRIP = NO;
				DEBUG_INFORMATION_FORMAT = "dwarf-with-dsym";
				ENABLE_NS_ASSERTIONS = NO;
				ENABLE_STRICT_OBJC_MSGSEND = YES;
				GCC_C_LANGUAGE_STANDARD = gnu11;
				GCC_NO_COMMON_BLOCKS = YES;
				GCC_WARN_64_TO_32_BIT_CONVERSION = YES;
				GCC_WARN_ABOUT_RETURN_TYPE = YES_ERROR;
				GCC_WARN_UNDECLARED_SELECTOR = YES;
				GCC_WARN_UNINITIALIZED_AUTOS = YES_AGGRESSIVE;
				GCC_WARN_UNUSED_FUNCTION = YES;
				GCC_WARN_UNUSED_VARIABLE = YES;
				IPHONEOS_DEPLOYMENT_TARGET = 10.3;
				MTL_ENABLE_DEBUG_INFO = NO;
				MTL_FAST_MATH = YES;
				SDKROOT = iphoneos;
				SWIFT_COMPILATION_MODE = wholemodule;
				SWIFT_OPTIMIZATION_LEVEL = "-O";
				VALIDATE_PRODUCT = YES;
			};
			name = Release;
		};
		17B425B42283AB000049B480 /* Debug */ = {
			isa = XCBuildConfiguration;
			buildSettings = {
				ASSETCATALOG_COMPILER_APPICON_NAME = AppIcon;
				CODE_SIGN_STYLE = Automatic;
				DEVELOPMENT_TEAM = HTDRBTYNMU;
				FRAMEWORK_SEARCH_PATHS = (
					"$(inherited)",
					"$(PROJECT_DIR)/Dependencies/Carthage/Build/iOS",
				);
				INFOPLIST_FILE = GitSuperStars/Info.plist;
				LD_RUNPATH_SEARCH_PATHS = (
					"$(inherited)",
					"@executable_path/Frameworks",
				);
				PRODUCT_BUNDLE_IDENTIFIER = net.seuaplicativo.GitSuperStars;
				PRODUCT_NAME = "$(TARGET_NAME)";
				SWIFT_VERSION = 5.0;
				TARGETED_DEVICE_FAMILY = 1;
			};
			name = Debug;
		};
		17B425B52283AB000049B480 /* Release */ = {
			isa = XCBuildConfiguration;
			buildSettings = {
				ASSETCATALOG_COMPILER_APPICON_NAME = AppIcon;
				CODE_SIGN_STYLE = Automatic;
				DEVELOPMENT_TEAM = HTDRBTYNMU;
				FRAMEWORK_SEARCH_PATHS = (
					"$(inherited)",
					"$(PROJECT_DIR)/Dependencies/Carthage/Build/iOS",
				);
				INFOPLIST_FILE = GitSuperStars/Info.plist;
				LD_RUNPATH_SEARCH_PATHS = (
					"$(inherited)",
					"@executable_path/Frameworks",
				);
				PRODUCT_BUNDLE_IDENTIFIER = net.seuaplicativo.GitSuperStars;
				PRODUCT_NAME = "$(TARGET_NAME)";
				SWIFT_VERSION = 5.0;
				TARGETED_DEVICE_FAMILY = 1;
			};
			name = Release;
		};
		17CC49AB230B1D5A008D328F /* Debug */ = {
			isa = XCBuildConfiguration;
			buildSettings = {
				BUNDLE_LOADER = "$(TEST_HOST)";
				CODE_SIGN_STYLE = Automatic;
				DEVELOPMENT_TEAM = HTDRBTYNMU;
				INFOPLIST_FILE = GitSuperStarsTests/Info.plist;
				IPHONEOS_DEPLOYMENT_TARGET = 10.3;
				LD_RUNPATH_SEARCH_PATHS = (
					"$(inherited)",
					"@executable_path/Frameworks",
					"@loader_path/Frameworks",
				);
				PRODUCT_BUNDLE_IDENTIFIER = net.seuaplicativo.GitSuperStarsTests;
				PRODUCT_NAME = "$(TARGET_NAME)";
				SWIFT_VERSION = 5.0;
				TARGETED_DEVICE_FAMILY = "1,2";
				TEST_HOST = "$(BUILT_PRODUCTS_DIR)/GitSuperStars.app/GitSuperStars";
			};
			name = Debug;
		};
		17CC49AC230B1D5A008D328F /* Release */ = {
			isa = XCBuildConfiguration;
			buildSettings = {
				BUNDLE_LOADER = "$(TEST_HOST)";
				CODE_SIGN_STYLE = Automatic;
				DEVELOPMENT_TEAM = HTDRBTYNMU;
				INFOPLIST_FILE = GitSuperStarsTests/Info.plist;
				IPHONEOS_DEPLOYMENT_TARGET = 10.3;
				LD_RUNPATH_SEARCH_PATHS = (
					"$(inherited)",
					"@executable_path/Frameworks",
					"@loader_path/Frameworks",
				);
				PRODUCT_BUNDLE_IDENTIFIER = net.seuaplicativo.GitSuperStarsTests;
				PRODUCT_NAME = "$(TARGET_NAME)";
				SWIFT_VERSION = 5.0;
				TARGETED_DEVICE_FAMILY = "1,2";
				TEST_HOST = "$(BUILT_PRODUCTS_DIR)/GitSuperStars.app/GitSuperStars";
			};
			name = Release;
		};
/* End XCBuildConfiguration section */

/* Begin XCConfigurationList section */
		17B425862283AAFB0049B480 /* Build configuration list for PBXProject "GitSuperStars" */ = {
			isa = XCConfigurationList;
			buildConfigurations = (
				17B425B12283AB000049B480 /* Debug */,
				17B425B22283AB000049B480 /* Release */,
			);
			defaultConfigurationIsVisible = 0;
			defaultConfigurationName = Release;
		};
		17B425B32283AB000049B480 /* Build configuration list for PBXNativeTarget "GitSuperStars" */ = {
			isa = XCConfigurationList;
			buildConfigurations = (
				17B425B42283AB000049B480 /* Debug */,
				17B425B52283AB000049B480 /* Release */,
			);
			defaultConfigurationIsVisible = 0;
			defaultConfigurationName = Release;
		};
		17CC49AD230B1D5A008D328F /* Build configuration list for PBXNativeTarget "GitSuperStarsTests" */ = {
			isa = XCConfigurationList;
			buildConfigurations = (
				17CC49AB230B1D5A008D328F /* Debug */,
				17CC49AC230B1D5A008D328F /* Release */,
			);
			defaultConfigurationIsVisible = 0;
			defaultConfigurationName = Release;
		};
/* End XCConfigurationList section */
	};
	rootObject = 17B425832283AAFB0049B480 /* Project object */;
}
